
Microsoft Visual Studio Solution File, Format Version 12.00
# Visual Studio 15
VisualStudioVersion = 15.0.28307.572
MinimumVisualStudioVersion = 10.0.40219.1
Project("{FAE04EC0-301F-11D3-BF4B-00C04F79EFBC}") = "TimeManagementAssignment", "TimeManagementAssignment\TimeManagementAssignment.csproj", "{AABFF13F-F218-4BD4-95A6-E183D8548E57}"
EndProject
Global
	GlobalSection(SolutionConfigurationPlatforms) = preSolution
		Debug|Any CPU = Debug|Any CPU
		Release|Any CPU = Release|Any CPU
	EndGlobalSection
	GlobalSection(ProjectConfigurationPlatforms) = postSolution
		{AABFF13F-F218-4BD4-95A6-E183D8548E57}.Debug|Any CPU.ActiveCfg = Debug|Any CPU
		{AABFF13F-F218-4BD4-95A6-E183D8548E57}.Debug|Any CPU.Build.0 = Debug|Any CPU
		{AABFF13F-F218-4BD4-95A6-E183D8548E57}.Release|Any CPU.ActiveCfg = Release|Any CPU
		{AABFF13F-F218-4BD4-95A6-E183D8548E57}.Release|Any CPU.Build.0 = Release|Any CPU
	EndGlobalSection
	GlobalSection(SolutionProperties) = preSolution
		HideSolutionNode = FALSE
	EndGlobalSection
	GlobalSection(ExtensibilityGlobals) = postSolution
		SolutionGuid = {80F0ED29-346D-4A46-A592-DA161D0FB4F0}
	EndGlobalSection
EndGlobal
